
Microsoft Visual Studio Solution File, Format Version 12.00
# Visual Studio Version 17
VisualStudioVersion = 17.9.34701.34
MinimumVisualStudioVersion = 10.0.40219.1
Project("{9A19103F-16F7-4668-BE54-9A1E7A4F7556}") = "TripStudent", "TripStudent\TripStudent.csproj", "{5A31DB7B-754A-4293-B90F-3B2146B61342}"
EndProject
Global
	GlobalSection(SolutionConfigurationPlatforms) = preSolution
		Debug|Any CPU = Debug|Any CPU
		Release|Any CPU = Release|Any CPU
	EndGlobalSection
	GlobalSection(ProjectConfigurationPlatforms) = postSolution
		{5A31DB7B-754A-4293-B90F-3B2146B61342}.Debug|Any CPU.ActiveCfg = Debug|Any CPU
		{5A31DB7B-754A-4293-B90F-3B2146B61342}.Debug|Any CPU.Build.0 = Debug|Any CPU
		{5A31DB7B-754A-4293-B90F-3B2146B61342}.Release|Any CPU.ActiveCfg = Release|Any CPU
		{5A31DB7B-754A-4293-B90F-3B2146B61342}.Release|Any CPU.Build.0 = Release|Any CPU
	EndGlobalSection
	GlobalSection(SolutionProperties) = preSolution
		HideSolutionNode = FALSE
	EndGlobalSection
	GlobalSection(ExtensibilityGlobals) = postSolution
		SolutionGuid = {156D41AC-8939-4B75-9732-0744474EC6CB}
	EndGlobalSection
EndGlobal
